{
  "name": "lumen-zipfile",
  "version": "1.0.0",
  "lockfileVersion": 1,
  "requires": true,
  "dependencies": {
    "layui-src": {
      "version": "2.5.8",
      "resolved": "https://registry.npm.taobao.org/layui-src/download/layui-src-2.5.8.tgz",
      "integrity": "sha1-WVsJdPfHb2imUVxvNbNB3vQZsr0="
    }
  }
}
